{
  "name": "folkctl",
  "version": "0.1.0",
  "lockfileVersion": 3,
  "requires": true,
  "packages": {
    "": {
      "name": "folkctl",
      "version": "0.1.0",
      "license": "MIT",
      "bin": {
        "folkctl": "bin/folkctl.js"
      },
      "engines": {
        "node": ">=20"
      }
    }
  }
}
